# THIS IS AN AUTOGENERATED FILE. DO NOT EDIT THIS FILE DIRECTLY.
# yarn lockfile v1


react-animations@^1.0.0:
  version "1.0.0"
  resolved "https://registry.yarnpkg.com/react-animations/-/react-animations-1.0.0.tgz#d96222920dfeabec8984d9b2ef2c5a5aadb40f06"
  integrity sha512-ePPpVgdKnNEXm+LP1ww5s3n0JzebBw9QdRfxRqogzeg1PDIn6kf0pmvgeTeVZQXXpGmHImkIeTiaQR1O6xjntA==
